{
  "version": "5",
  "specifiers": {
    "jsr:@supabase/functions-js@*": "2.110.0",
    "jsr:@supabase/supabase-js@2": "2.108.1",
    "npm:@supabase/auth-js@2.108.1": "2.108.1",
    "npm:@supabase/functions-js@2.108.1": "2.108.1",
    "npm:@supabase/postgrest-js@2.108.1": "2.108.1",
    "npm:@supabase/realtime-js@2.108.1": "2.108.1",
    "npm:@supabase/storage-js@2.108.1": "2.108.1",
    "npm:openai@^4.52.5": "4.104.0",
    "npm:stripe@14.25.0": "14.25.0"
  },
  "jsr": {
    "@supabase/functions-js@2.110.0": {
      "integrity": "e7a3ce2b6fcb91462079634655b872980e3596971bc07e77cf8ccc5a6fc09803",
      "dependencies": [
        "npm:openai"
      ]
    },
    "@supabase/supabase-js@2.108.1": {
      "integrity": "c31883d00e36c759796683f2974e99201c3039fc2e539e0c3a1dd6dfb370332d",
      "dependencies": [
        "npm:@supabase/auth-js",
        "npm:@supabase/functions-js@2.108.1",
        "npm:@supabase/postgrest-js",
        "npm:@supabase/realtime-js",
        "npm:@supabase/storage-js"
      ]
    }
  },
  "npm": {
    "@supabase/auth-js@2.108.1": {
      "integrity": "sha512-Lle5rKU8f9LF3K5dDd8Or8mkkG+ptzRZZWKPVMm9B9UuovH65Ss2+iFnQqRsCqaGouvJEcTWyl0cj2riNrrDLQ==",
      "dependencies": [
        "tslib"
      ]
    },
    "@supabase/functions-js@2.108.1": {
      "integrity": "sha512-fxBRW/A4IG7ADQztVt0NaEy5ysiO1WJ2pbldsnBchrkHuyepX0Krek9qA9T4gUQBVVTCE9Ea4pdsM5hfn3nc4A==",
      "dependencies": [
        "tslib"
      ]
    },
    "@supabase/phoenix@0.4.4": {
      "integrity": "sha512-Gt0pqoXuIqX/8dvG0OKp/wMCobXNH3klNbUPBNyOfN0YA1IswrM3HyWFMOPk1Jy+BRaIyDPcFx4jLBwHNmlyfQ=="
    },
    "@supabase/postgrest-js@2.108.1": {
      "integrity": "sha512-9lj2MCPPMgSTaJ5y+amnhb3TWPtMFVlbDn2hmX/VV91xQU4j0AauwfMaBErHBJ+zzsSwjc0jLU+zLIZFLQzfig==",
      "dependencies": [
        "tslib"
      ]
    },
    "@supabase/realtime-js@2.108.1": {
      "integrity": "sha512-mHGGqOjwd1XTydcoffUqEMsbFQHUi6A3uhQ0EXr3iqzpLqItxKA9nbN6gIQxrZ7JRRnuUe/iOFPUkYV9Tdc5lg==",
      "dependencies": [
        "@supabase/phoenix",
        "tslib"
      ]
    },
    "@supabase/storage-js@2.108.1": {
      "integrity": "sha512-Er0SGGt85iT6ye+SSh98Az6L2CesoZJuyzEZYH2oBOAnIxa9Nn4CtwUC3veGxYggoT56X+3tVuuQeDBP8kR8sg==",
      "dependencies": [
        "iceberg-js",
        "tslib"
      ]
    },
    "@types/node-fetch@2.6.13": {
      "integrity": "sha512-QGpRVpzSaUs30JBSGPjOg4Uveu384erbHBoT1zeONvyCfwQxIkUshLAOqN/k9EjGviPRmWTTe6aH2qySWKTVSw==",
      "dependencies": [
        "@types/node",
        "form-data"
      ]
    },
    "@types/node@18.19.130": {
      "integrity": "sha512-GRaXQx6jGfL8sKfaIDD6OupbIHBr9jv7Jnaml9tB7l4v068PAOXqfcujMMo5PhbIs6ggR1XODELqahT2R8v0fg==",
      "dependencies": [
        "undici-types"
      ]
    },
    "abort-controller@3.0.0": {
      "integrity": "sha512-h8lQ8tacZYnR3vNQTgibj+tODHI5/+l06Au2Pcriv/Gmet0eaj4TwWH41sO9wnHDiQsEj19q0drzdWdeAHtweg==",
      "dependencies": [
        "event-target-shim"
      ]
    },
    "agentkeepalive@4.6.0": {
      "integrity": "sha512-kja8j7PjmncONqaTsB8fQ+wE2mSU2DJ9D4XKoJ5PFWIdRMa6SLSN1ff4mOr4jCbfRSsxR4keIiySJU0N9T5hIQ==",
      "dependencies": [
        "humanize-ms"
      ]
    },
    "asynckit@0.4.0": {
      "integrity": "sha512-Oei9OH4tRh0YqU3GxhX79dM/mwVgvbZJaSNaRk+bshkj0S5cfHcgYakreBjrHwatXKbz+IoIdYLxrKim2MjW0Q=="
    },
    "call-bind-apply-helpers@1.0.2": {
      "integrity": "sha512-Sp1ablJ0ivDkSzjcaJdxEunN5/XvksFJ2sMBFfq6x0ryhQV/2b/KwFe21cMpmHtPOSij8K99/wSfoEuTObmuMQ==",
      "dependencies": [
        "es-errors",
        "function-bind"
      ]
    },
    "call-bound@1.0.4": {
      "integrity": "sha512-+ys997U96po4Kx/ABpBCqhA9EuxJaQWDQg7295H4hBphv3IZg0boBKuwYpt4YXp6MZ5AmZQnU/tyMTlRpaSejg==",
      "dependencies": [
        "call-bind-apply-helpers",
        "get-intrinsic"
      ]
    },
    "combined-stream@1.0.8": {
      "integrity": "sha512-FQN4MRfuJeHf7cBbBMJFXhKSDq+2kAArBlmRBvcvFE5BB1HZKXtSFASDhdlz9zOYwxh8lDdnvmMOe/+5cdoEdg==",
      "dependencies": [
        "delayed-stream"
      ]
    },
    "delayed-stream@1.0.0": {
      "integrity": "sha512-ZySD7Nf91aLB0RxL4KGrKHBXl7Eds1DAmEdcoVawXnLD7SDhpNgtuII2aAkg7a7QS41jxPSZ17p4VdGnMHk3MQ=="
    },
    "dunder-proto@1.0.1": {
      "integrity": "sha512-KIN/nDJBQRcXw0MLVhZE9iQHmG68qAVIBg9CqmUYjmQIhgij9U5MFvrqkUL5FbtyyzZuOeOt0zdeRe4UY7ct+A==",
      "dependencies": [
        "call-bind-apply-helpers",
        "es-errors",
        "gopd"
      ]
    },
    "es-define-property@1.0.1": {
      "integrity": "sha512-e3nRfgfUZ4rNGL232gUgX06QNyyez04KdjFrF+LTRoOXmrOgFKDg4BCdsjW8EnT69eqdYGmRpJwiPVYNrCaW3g=="
    },
    "es-errors@1.3.0": {
      "integrity": "sha512-Zf5H2Kxt2xjTvbJvP2ZWLEICxA6j+hAmMzIlypy4xcBg1vKVnx89Wy0GbS+kf5cwCVFFzdCFh2XSCFNULS6csw=="
    },
    "es-object-atoms@1.1.2": {
      "integrity": "sha512-HWcBoN6NileqtSydK2FqHbS/LoDd2pqrnQHLyJzBj4kOp/ky2MWMN694xOfkK8/SnUsW2DH7EfyVlydKCsm1Zw==",
      "dependencies": [
        "es-errors"
      ]
    },
    "es-set-tostringtag@2.1.0": {
      "integrity": "sha512-j6vWzfrGVfyXxge+O0x5sh6cvxAog0a/4Rdd2K36zCMV5eJ+/+tOAngRO8cODMNWbVRdVlmGZQL2YS3yR8bIUA==",
      "dependencies": [
        "es-errors",
        "get-intrinsic",
        "has-tostringtag",
        "hasown"
      ]
    },
    "event-target-shim@5.0.1": {
      "integrity": "sha512-i/2XbnSz/uxRCU6+NdVJgKWDTM427+MqYbkQzD321DuCQJUqOuJKIA0IM2+W2xtYHdKOmZ4dR6fExsd4SXL+WQ=="
    },
    "form-data-encoder@1.7.2": {
      "integrity": "sha512-qfqtYan3rxrnCk1VYaA4H+Ms9xdpPqvLZa6xmMgFvhO32x7/3J/ExcTd6qpxM0vH2GdMI+poehyBZvqfMTto8A=="
    },
    "form-data@4.0.6": {
      "integrity": "sha512-vKatAh4SlVfgbv+YtmhiRjhEMJsYpsG1Y2rMQtR+SVSbytsSD1YGzDIcrAJmdFec88u/+VoGmxnl+80gL1tRCQ==",
      "dependencies": [
        "asynckit",
        "combined-stream",
        "es-set-tostringtag",
        "hasown",
        "mime-types"
      ]
    },
    "formdata-node@4.4.1": {
      "integrity": "sha512-0iirZp3uVDjVGt9p49aTaqjk84TrglENEDuqfdlZQ1roC9CWlPk6Avf8EEnZNcAqPonwkG35x4n3ww/1THYAeQ==",
      "dependencies": [
        "node-domexception",
        "web-streams-polyfill"
      ]
    },
    "function-bind@1.1.2": {
      "integrity": "sha512-7XHNxH7qX9xG5mIwxkhumTox/MIRNcOgDrxWsMt2pAr23WHp6MrRlN7FBSFpCpr+oVO0F744iUgR82nJMfG2SA=="
    },
    "get-intrinsic@1.3.0": {
      "integrity": "sha512-9fSjSaos/fRIVIp+xSJlE6lfwhES7LNtKaCBIamHsjr2na1BiABJPo0mOjjz8GJDURarmCPGqaiVg5mfjb98CQ==",
      "dependencies": [
        "call-bind-apply-helpers",
        "es-define-property",
        "es-errors",
        "es-object-atoms",
        "function-bind",
        "get-proto",
        "gopd",
        "has-symbols",
        "hasown",
        "math-intrinsics"
      ]
    },
    "get-proto@1.0.1": {
      "integrity": "sha512-sTSfBjoXBp89JvIKIefqw7U2CCebsc74kiY6awiGogKtoSGbgjYE/G/+l9sF3MWFPNc9IcoOC4ODfKHfxFmp0g==",
      "dependencies": [
        "dunder-proto",
        "es-object-atoms"
      ]
    },
    "gopd@1.2.0": {
      "integrity": "sha512-ZUKRh6/kUFoAiTAtTYPZJ3hw9wNxx+BIBOijnlG9PnrJsCcSjs1wyyD6vJpaYtgnzDrKYRSqf3OO6Rfa93xsRg=="
    },
    "has-symbols@1.1.0": {
      "integrity": "sha512-1cDNdwJ2Jaohmb3sg4OmKaMBwuC48sYni5HUw2DvsC8LjGTLK9h+eb1X6RyuOHe4hT0ULCW68iomhjUoKUqlPQ=="
    },
    "has-tostringtag@1.0.2": {
      "integrity": "sha512-NqADB8VjPFLM2V0VvHUewwwsw0ZWBaIdgo+ieHtK3hasLz4qeCRjYcqfB6AQrBggRKppKF8L52/VqdVsO47Dlw==",
      "dependencies": [
        "has-symbols"
      ]
    },
    "hasown@2.0.4": {
      "integrity": "sha512-T2UbfbBEF32wiepXIsMlTW9+dDYC6wMh/t/vYA4tuOMKqWz/n3vr1NFSxQiyP+zk2mXsoMA/i/7qV6LKut1t1A==",
      "dependencies": [
        "function-bind"
      ]
    },
    "humanize-ms@1.2.1": {
      "integrity": "sha512-Fl70vYtsAFb/C06PTS9dZBo7ihau+Tu/DNCk/OyHhea07S+aeMWpFFkUaXRa8fI+ScZbEI8dfSxwY7gxZ9SAVQ==",
      "dependencies": [
        "ms"
      ]
    },
    "iceberg-js@0.8.1": {
      "integrity": "sha512-1dhVQZXhcHje7798IVM+xoo/1ZdVfzOMIc8/rgVSijRK38EDqOJoGula9N/8ZI5RD8QTxNQtK/Gozpr+qUqRRA=="
    },
    "math-intrinsics@1.1.0": {
      "integrity": "sha512-/IXtbwEk5HTPyEwyKX6hGkYXxM9nbj64B+ilVJnC/R6B0pH5G4V3b0pVbL7DBj4tkhBAppbQUlf6F6Xl9LHu1g=="
    },
    "mime-db@1.52.0": {
      "integrity": "sha512-sPU4uV7dYlvtWJxwwxHD0PuihVNiE7TyAbQ5SWxDCB9mUYvOgroQOwYQQOKPJ8CIbE+1ETVlOoK1UC2nU3gYvg=="
    },
    "mime-types@2.1.35": {
      "integrity": "sha512-ZDY+bPm5zTTF+YpCrAU9nK0UgICYPT0QtT1NZWFv4s++TNkcgVaT0g6+4R2uI4MjQjzysHB1zxuWL50hzaeXiw==",
      "dependencies": [
        "mime-db"
      ]
    },
    "ms@2.1.3": {
      "integrity": "sha512-6FlzubTLZG3J2a/NVCAleEhjzq5oxgHyaCU9yYXvcLsvoVaHJq/s5xXI6/XXP6tz7R9xAOtHnSO/tXtF3WRTlA=="
    },
    "node-domexception@1.0.0": {
      "integrity": "sha512-/jKZoMpw0F8GRwl4/eLROPA3cfcXtLApP0QzLmUT/HuPCZWyB7IY9ZrMeKw2O/nFIqPQB3PVM9aYm0F312AXDQ==",
      "deprecated": true
    },
    "node-fetch@2.7.0": {
      "integrity": "sha512-c4FRfUm/dbcWZ7U+1Wq0AwCyFL+3nt2bEw05wfxSz+DWpWsitgmSgYmy2dQdWyKC1694ELPqMs/YzUSNozLt8A==",
      "dependencies": [
        "whatwg-url"
      ]
    },
    "object-inspect@1.13.4": {
      "integrity": "sha512-W67iLl4J2EXEGTbfeHCffrjDfitvLANg0UlX3wFUUSTx92KXRFegMHUVgSqE+wvhAbi4WqjGg9czysTV2Epbew=="
    },
    "openai@4.104.0": {
      "integrity": "sha512-p99EFNsA/yX6UhVO93f5kJsDRLAg+CTA2RBqdHK4RtK8u5IJw32Hyb2dTGKbnnFmnuoBv5r7Z2CURI9sGZpSuA==",
      "dependencies": [
        "@types/node",
        "@types/node-fetch",
        "abort-controller",
        "agentkeepalive",
        "form-data-encoder",
        "formdata-node",
        "node-fetch"
      ],
      "bin": true
    },
    "qs@6.15.3": {
      "integrity": "sha512-O9gl3zCl5h5blw1KGUzQKhA5oUXSl8rwUIM5o0S3nCXMliSvy5Dzx7/DJcI+SwgICv+IneSZwhBh1oSyEHA71A==",
      "dependencies": [
        "es-define-property",
        "side-channel"
      ]
    },
    "side-channel-list@1.0.1": {
      "integrity": "sha512-mjn/0bi/oUURjc5Xl7IaWi/OJJJumuoJFQJfDDyO46+hBWsfaVM65TBHq2eoZBhzl9EchxOijpkbRC8SVBQU0w==",
      "dependencies": [
        "es-errors",
        "object-inspect"
      ]
    },
    "side-channel-map@1.0.1": {
      "integrity": "sha512-VCjCNfgMsby3tTdo02nbjtM/ewra6jPHmpThenkTYh8pG9ucZ/1P8So4u4FGBek/BjpOVsDCMoLA/iuBKIFXRA==",
      "dependencies": [
        "call-bound",
        "es-errors",
        "get-intrinsic",
        "object-inspect"
      ]
    },
    "side-channel-weakmap@1.0.2": {
      "integrity": "sha512-WPS/HvHQTYnHisLo9McqBHOJk2FkHO/tlpvldyrnem4aeQp4hai3gythswg6p01oSoTl58rcpiFAjF2br2Ak2A==",
      "dependencies": [
        "call-bound",
        "es-errors",
        "get-intrinsic",
        "object-inspect",
        "side-channel-map"
      ]
    },
    "side-channel@1.1.1": {
      "integrity": "sha512-6x6dK6zJdpTzF4sQeNYxwtvBzf6Eg4GtlesS94HOvTudUeyK2WXAaIfmDgsyslYrRBeFIlsi54AYsFGUuhmvrQ==",
      "dependencies": [
        "es-errors",
        "object-inspect",
        "side-channel-list",
        "side-channel-map",
        "side-channel-weakmap"
      ]
    },
    "stripe@14.25.0": {
      "integrity": "sha512-wQS3GNMofCXwH8TSje8E1SE8zr6ODiGtHQgPtO95p9Mb4FhKC9jvXR2NUTpZ9ZINlckJcFidCmaTFV4P6vsb9g==",
      "dependencies": [
        "@types/node",
        "qs"
      ]
    },
    "tr46@0.0.3": {
      "integrity": "sha512-N3WMsuqV66lT30CrXNbEjx4GEwlow3v6rr4mCcv6prnfwhS01rkgyFdjPNBYd9br7LpXV1+Emh01fHnq2Gdgrw=="
    },
    "tslib@2.8.1": {
      "integrity": "sha512-oJFu94HQb+KVduSUQL7wnpmqnfmLsOA/nAh6b6EH0wCEoK0/mPeXU6c3wKDV83MkOuHPRHtSXKKU99IBazS/2w=="
    },
    "undici-types@5.26.5": {
      "integrity": "sha512-JlCMO+ehdEIKqlFxk6IfVoAUVmgz7cU7zD/h9XZ0qzeosSHmUJVOzSQvvYSYWXkFXC+IfLKSIffhv0sVZup6pA=="
    },
    "web-streams-polyfill@4.0.0-beta.3": {
      "integrity": "sha512-QW95TCTaHmsYfHDybGMwO5IJIM93I/6vTRk+daHTWFPhwh+C8Cg7j7XyKrwrj8Ib6vYXe0ocYNrmzY4xAAN6ug=="
    },
    "webidl-conversions@3.0.1": {
      "integrity": "sha512-2JAn3z8AR6rjK8Sm8orRC0h/bcl/DqL7tRPdGZ4I1CjdF+EaMLmYxBHyXuKL849eucPFhvBoxMsflfOb8kxaeQ=="
    },
    "whatwg-url@5.0.0": {
      "integrity": "sha512-saE57nupxk6v3HY35+jzBwYa0rKSy0XR8JSxZPwgLr7ys0IBzhGviA1/TUGJLmSVqs8pb9AnvICXEuOHLprYTw==",
      "dependencies": [
        "tr46",
        "webidl-conversions"
      ]
    }
  },
  "redirects": {
    "https://esm.sh/@supabase/supabase-js@2": "https://esm.sh/@supabase/supabase-js@2.110.2",
    "https://esm.sh/async-function@^1.0.0?target=denonext": "https://esm.sh/async-function@1.0.0?target=denonext",
    "https://esm.sh/async-generator-function@^1.0.0?target=denonext": "https://esm.sh/async-generator-function@1.0.0?target=denonext",
    "https://esm.sh/call-bind-apply-helpers@^1.0.1?target=denonext": "https://esm.sh/call-bind-apply-helpers@1.0.2?target=denonext",
    "https://esm.sh/call-bind-apply-helpers@^1.0.2/functionApply?target=denonext": "https://esm.sh/call-bind-apply-helpers@1.0.2/functionApply?target=denonext",
    "https://esm.sh/call-bind-apply-helpers@^1.0.2/functionCall?target=denonext": "https://esm.sh/call-bind-apply-helpers@1.0.2/functionCall?target=denonext",
    "https://esm.sh/call-bind-apply-helpers@^1.0.2?target=denonext": "https://esm.sh/call-bind-apply-helpers@1.0.2?target=denonext",
    "https://esm.sh/call-bound@^1.0.2?target=denonext": "https://esm.sh/call-bound@1.0.4?target=denonext",
    "https://esm.sh/dunder-proto@^1.0.1/get?target=denonext": "https://esm.sh/dunder-proto@1.0.1/get?target=denonext",
    "https://esm.sh/es-object-atoms@^1.0.0?target=denonext": "https://esm.sh/es-object-atoms@1.1.2?target=denonext",
    "https://esm.sh/es-object-atoms@^1.1.1?target=denonext": "https://esm.sh/es-object-atoms@1.1.2?target=denonext",
    "https://esm.sh/generator-function@^2.0.0?target=denonext": "https://esm.sh/generator-function@2.0.1?target=denonext",
    "https://esm.sh/get-intrinsic@^1.2.5?target=denonext": "https://esm.sh/get-intrinsic@1.3.1?target=denonext",
    "https://esm.sh/get-intrinsic@^1.3.0?target=denonext": "https://esm.sh/get-intrinsic@1.3.1?target=denonext",
    "https://esm.sh/get-proto@^1.0.1/Object.getPrototypeOf?target=denonext": "https://esm.sh/get-proto@1.0.1/Object.getPrototypeOf?target=denonext",
    "https://esm.sh/get-proto@^1.0.1/Reflect.getPrototypeOf?target=denonext": "https://esm.sh/get-proto@1.0.1/Reflect.getPrototypeOf?target=denonext",
    "https://esm.sh/get-proto@^1.0.1?target=denonext": "https://esm.sh/get-proto@1.0.1?target=denonext",
    "https://esm.sh/math-intrinsics@^1.1.0/abs?target=denonext": "https://esm.sh/math-intrinsics@1.1.0/abs?target=denonext",
    "https://esm.sh/math-intrinsics@^1.1.0/floor?target=denonext": "https://esm.sh/math-intrinsics@1.1.0/floor?target=denonext",
    "https://esm.sh/math-intrinsics@^1.1.0/max?target=denonext": "https://esm.sh/math-intrinsics@1.1.0/max?target=denonext",
    "https://esm.sh/math-intrinsics@^1.1.0/min?target=denonext": "https://esm.sh/math-intrinsics@1.1.0/min?target=denonext",
    "https://esm.sh/math-intrinsics@^1.1.0/pow?target=denonext": "https://esm.sh/math-intrinsics@1.1.0/pow?target=denonext",
    "https://esm.sh/math-intrinsics@^1.1.0/round?target=denonext": "https://esm.sh/math-intrinsics@1.1.0/round?target=denonext",
    "https://esm.sh/math-intrinsics@^1.1.0/sign?target=denonext": "https://esm.sh/math-intrinsics@1.1.0/sign?target=denonext",
    "https://esm.sh/object-inspect@^1.13.3?target=denonext": "https://esm.sh/object-inspect@1.13.4?target=denonext",
    "https://esm.sh/object-inspect@^1.13.4?target=denonext": "https://esm.sh/object-inspect@1.13.4?target=denonext",
    "https://esm.sh/qs@^6.11.0?target=denonext": "https://esm.sh/qs@6.15.3?target=denonext",
    "https://esm.sh/side-channel-list@^1.0.1?target=denonext": "https://esm.sh/side-channel-list@1.0.1?target=denonext",
    "https://esm.sh/side-channel-map@^1.0.1?target=denonext": "https://esm.sh/side-channel-map@1.0.1?target=denonext",
    "https://esm.sh/side-channel-weakmap@^1.0.2?target=denonext": "https://esm.sh/side-channel-weakmap@1.0.2?target=denonext",
    "https://esm.sh/side-channel@^1.1.1?target=denonext": "https://esm.sh/side-channel@1.1.1?target=denonext"
  },
  "remote": {
    "https://deno.land/std@0.168.0/async/abortable.ts": "80b2ac399f142cc528f95a037a7d0e653296352d95c681e284533765961de409",
    "https://deno.land/std@0.168.0/async/deadline.ts": "2c2deb53c7c28ca1dda7a3ad81e70508b1ebc25db52559de6b8636c9278fd41f",
    "https://deno.land/std@0.168.0/async/debounce.ts": "60301ffb37e730cd2d6f9dadfd0ecb2a38857681bd7aaf6b0a106b06e5210a98",
    "https://deno.land/std@0.168.0/async/deferred.ts": "77d3f84255c3627f1cc88699d8472b664d7635990d5358c4351623e098e917d6",
    "https://deno.land/std@0.168.0/async/delay.ts": "5a9bfba8de38840308a7a33786a0155a7f6c1f7a859558ddcec5fe06e16daf57",
    "https://deno.land/std@0.168.0/async/mod.ts": "7809ad4bb223e40f5fdc043e5c7ca04e0e25eed35c32c3c32e28697c553fa6d9",
    "https://deno.land/std@0.168.0/async/mux_async_iterator.ts": "770a0ff26c59f8bbbda6b703a2235f04e379f73238e8d66a087edc68c2a2c35f",
    "https://deno.land/std@0.168.0/async/pool.ts": "6854d8cd675a74c73391c82005cbbe4cc58183bddcd1fbbd7c2bcda42b61cf69",
    "https://deno.land/std@0.168.0/async/retry.ts": "e8e5173623915bbc0ddc537698fa418cf875456c347eda1ed453528645b42e67",
    "https://deno.land/std@0.168.0/async/tee.ts": "3a47cc4e9a940904fd4341f0224907e199121c80b831faa5ec2b054c6d2eff5e",
    "https://deno.land/std@0.168.0/http/server.ts": "e99c1bee8a3f6571ee4cdeb2966efad465b8f6fe62bec1bdb59c1f007cc4d155",
    "https://deno.land/std@0.190.0/_util/asserts.ts": "178dfc49a464aee693a7e285567b3d0b555dc805ff490505a8aae34f9cfb1462",
    "https://deno.land/std@0.190.0/async/abortable.ts": "fd682fa46f3b7b16b4606a5ab52a7ce309434b76f820d3221bdfb862719a15d7",
    "https://deno.land/std@0.190.0/async/deadline.ts": "58f72a3cc0fcb731b2cc055ba046f4b5be3349ff6bf98f2e793c3b969354aab2",
    "https://deno.land/std@0.190.0/async/debounce.ts": "adab11d04ca38d699444ac8a9d9856b4155e8dda2afd07ce78276c01ea5a4332",
    "https://deno.land/std@0.190.0/async/deferred.ts": "42790112f36a75a57db4a96d33974a936deb7b04d25c6084a9fa8a49f135def8",
    "https://deno.land/std@0.190.0/async/delay.ts": "73aa04cec034c84fc748c7be49bb15cac3dd43a57174bfdb7a4aec22c248f0dd",
    "https://deno.land/std@0.190.0/async/mod.ts": "f04344fa21738e5ad6bea37a6bfffd57c617c2d372bb9f9dcfd118a1b622e576",
    "https://deno.land/std@0.190.0/async/mux_async_iterator.ts": "70c7f2ee4e9466161350473ad61cac0b9f115cff4c552eaa7ef9d50c4cbb4cc9",
    "https://deno.land/std@0.190.0/async/pool.ts": "f1b8d3df4d7fd3c73f8cbc91cc2e8b8e950910f1eab94230b443944d7584c657",
    "https://deno.land/std@0.190.0/async/retry.ts": "c9248325ec08cc2cceb7618472e77589a51a25cee460e07b6096be34966c2ead",
    "https://deno.land/std@0.190.0/async/tee.ts": "47e42d35f622650b02234d43803d0383a89eb4387e1b83b5a40106d18ae36757",
    "https://deno.land/std@0.190.0/http/server.ts": "1b23463b5b36e4eebc495417f6af47a6f7d52e3294827a1226d2a1aab23d9d20",
    "https://deno.land/x/deno_dom@v0.1.48/build/deno-wasm/deno-wasm.js": "d6841a06342eb6a2798ef28de79ad69c0f2fa349fa04d3ca45e5fcfbf50a9340",
    "https://deno.land/x/deno_dom@v0.1.48/deno-dom-wasm.ts": "0669396686fb207f1354af33df6aabe2189b4eceafdb1bf7f3d6bbb2637b6b03",
    "https://deno.land/x/deno_dom@v0.1.48/src/api.ts": "0ff5790f0a3eeecb4e00b7d8fbfa319b165962cf6d0182a65ba90f158d74f7d7",
    "https://deno.land/x/deno_dom@v0.1.48/src/constructor-lock.ts": "0e7b297e8b9cf921a3b0d3a692ec5fb462c5afc47ec554292e20090b9e16b40a",
    "https://deno.land/x/deno_dom@v0.1.48/src/deserialize.ts": "1cf4096678d8afed8ed28dbad690504c4d2c28149ba768b26eacd1416873425b",
    "https://deno.land/x/deno_dom@v0.1.48/src/dom/document-fragment.ts": "1c7352a3c816587ed7fad574b42636198f680f17abc3836fcfe7799b31e7718f",
    "https://deno.land/x/deno_dom@v0.1.48/src/dom/document.ts": "f8503c0ffe0d703535e84d174f1c30aa31eff15e1450777d7f2e8da81546c002",
    "https://deno.land/x/deno_dom@v0.1.48/src/dom/dom-parser.ts": "784ee0e766d4a01e14420f328053fd3a0016c6b40ee442edc3ae80f5d9777927",
    "https://deno.land/x/deno_dom@v0.1.48/src/dom/element.ts": "f662dbf28d2ac873ebbbe2d4ae53121d13879c2061416f6eae4e8cca58922e8b",
    "https://deno.land/x/deno_dom@v0.1.48/src/dom/elements/html-template-element.ts": "740b97a5378c9a14cccf3429299846eda240b613013e2d2d7f20b393897453c2",
    "https://deno.land/x/deno_dom@v0.1.48/src/dom/html-collection.ts": "eedc0b097612ef420d975df6924850a36a4829b35aafa4c92078609a15a52f08",
    "https://deno.land/x/deno_dom@v0.1.48/src/dom/node-list.ts": "d19fec8ed4979f43c8e117f9937b3da22acc2c8514cb1ef0074f54793cdfc8c9",
    "https://deno.land/x/deno_dom@v0.1.48/src/dom/node.ts": "c93e5f6b6c011cbad6f8728d65459782b911e097f9d0c8c99a51591f7c936449",
    "https://deno.land/x/deno_dom@v0.1.48/src/dom/selectors/custom-api.ts": "852696bd58e534bc41bd3be9e2250b60b67cd95fd28ed16b1deff1d548531a71",
    "https://deno.land/x/deno_dom@v0.1.48/src/dom/selectors/nwsapi-types.ts": "c43b36c36acc5d32caabaa54fda8c9d239b2b0fcbce9a28efb93c84aa1021698",
    "https://deno.land/x/deno_dom@v0.1.48/src/dom/selectors/nwsapi.js": "985d7d8fc1eabbb88946b47a1c44c1b2d4aa79ff23c21424219f1528fa27a2ff",
    "https://deno.land/x/deno_dom@v0.1.48/src/dom/selectors/selectors.ts": "83eab57be2290fb48e3130533448c93c6c61239f2a2f3b85f1917f80ca0fdc75",
    "https://deno.land/x/deno_dom@v0.1.48/src/dom/selectors/sizzle-types.ts": "78149e2502409989ce861ed636b813b059e16bc267bb543e7c2b26ef43e4798b",
    "https://deno.land/x/deno_dom@v0.1.48/src/dom/selectors/sizzle.js": "c3aed60c1045a106d8e546ac2f85cc82e65f62d9af2f8f515210b9212286682a",
    "https://deno.land/x/deno_dom@v0.1.48/src/dom/utils-types.ts": "96db30e3e4a75b194201bb9fa30988215da7f91b380fca6a5143e51ece2a8436",
    "https://deno.land/x/deno_dom@v0.1.48/src/dom/utils.ts": "4c6206516fb8f61f37a209c829e812c4f5a183e46d082934dd14c91bde939263",
    "https://deno.land/x/deno_dom@v0.1.48/src/parser.ts": "e06b2300d693e6ae7564e53dfa5c9a9e97fdb8c044c39c52c8b93b5d60860be3",
    "https://esm.sh/@mozilla/readability@0.5.0": "cb9cf10e40682047a101d7a87f6674f9a3095f5b097617df2b8e23afcfe15173",
    "https://esm.sh/@mozilla/readability@0.5.0/denonext/readability.mjs": "3a260331b4145a1466bfcdb1e24d3646959f819f520c8d9026f62922e441af89",
    "https://esm.sh/@supabase/supabase-js@2.110.2": "a764256c977bc03fc703d7b0031ac3138137a49b9f831775fd7a7f42019f652d",
    "https://esm.sh/async-function@1.0.0/denonext/async-function.mjs": "9a68a79494e7318827f19367915e5e8c902d81d395a2a429114371d8f506afd8",
    "https://esm.sh/async-function@1.0.0?target=denonext": "c5e89ac5310741350e80c75eb1ff0c24bdaa16db5bf0f9181fceea7e3bca763e",
    "https://esm.sh/async-generator-function@1.0.0/denonext/async-generator-function.mjs": "c7d6e6484a0083577a002c3114e08d84762b6f74327c89cd0129226cefd7436a",
    "https://esm.sh/async-generator-function@1.0.0?target=denonext": "7b92d0f159fcd05e4cb37faf06fe4d83333517287a9fd3fa1c3dfa34bfa99891",
    "https://esm.sh/aws4fetch@1.0.20": "72c2789ab2e7a037ed00c4230574ccc31a0c0cebc7ebd19a2c9da574e3133bc7",
    "https://esm.sh/aws4fetch@1.0.20/denonext/aws4fetch.mjs": "f4388406bca44e08c07822b0f26c093603a2947538e7c20320670c600587c707",
    "https://esm.sh/call-bind-apply-helpers@1.0.2/denonext/actualApply.mjs": "e40dd22950f5eb996a325283de44db908753de3396f81ca4b4b186809ec7404b",
    "https://esm.sh/call-bind-apply-helpers@1.0.2/denonext/call-bind-apply-helpers.mjs": "1c096a11476850297224ad825a8e505c23fcc555a8474e929897f8d799fef30b",
    "https://esm.sh/call-bind-apply-helpers@1.0.2/denonext/functionApply.mjs": "20d90adbc9be9d9b51fe4fe1019f8bd1d0823f27a2557eed275b9e44c07260c5",
    "https://esm.sh/call-bind-apply-helpers@1.0.2/denonext/functionCall.mjs": "b36700f863bccd6667f66bfdc7cd9a252129cb203bf5eef59bf29046b9da1467",
    "https://esm.sh/call-bind-apply-helpers@1.0.2/denonext/reflectApply.mjs": "ad4d25d2a301d5d1701b908c50aa229ff4b5e62f05136d3828f1a26d5dc901f6",
    "https://esm.sh/call-bind-apply-helpers@1.0.2/functionApply?target=denonext": "62c4f7ef478c97ef7b1ba0e303d61df3cb4a1df4317b606e43b655f0e4219c43",
    "https://esm.sh/call-bind-apply-helpers@1.0.2/functionCall?target=denonext": "4366685652c948d1c2ca5264d496bb739f52ee5860950a1496e5214759135cc8",
    "https://esm.sh/call-bind-apply-helpers@1.0.2?target=denonext": "905e972ffcd24bdbceda3bc3208a2102b1ba8ebc2e74e55e42433ad17e1e455e",
    "https://esm.sh/call-bound@1.0.4/denonext/call-bound.mjs": "08fb5feeb1c0e871cfd19912759ea62b7023bac1d443ffb498f3968082bb3711",
    "https://esm.sh/call-bound@1.0.4?target=denonext": "8861d775f1c2f685b8985662bfc0eb9037cef7c41c7ee39ae49306662933cc67",
    "https://esm.sh/dunder-proto@1.0.1/denonext/get.mjs": "8249c9d4dfb0c1f5ee60df6588c77153a4da927b2759e7059b4124c69a8e9223",
    "https://esm.sh/dunder-proto@1.0.1/get?target=denonext": "13d001daa54e39c69fe8034e0f54ecf326c1b44fcdf005b47a16087c535ee15e",
    "https://esm.sh/es-object-atoms@1.1.2/denonext/es-object-atoms.mjs": "ee93139185ac5d3b1975c2d5e07775f24f0193b6ffae0ea7d4c87c88941a692d",
    "https://esm.sh/es-object-atoms@1.1.2?target=denonext": "709a454851c0cec303599eaf7581cc26e4e7668a57c224c589a74a78235bc362",
    "https://esm.sh/generator-function@2.0.1/denonext/generator-function.mjs": "c0830dd65531f61823dd69e7d9f8fedace61f5810aa3ef4a47c876638ccce5a2",
    "https://esm.sh/generator-function@2.0.1?target=denonext": "d69b75b5af8feab1b72504ae1c088a112345997bc2fb03e78bc4b5cc2c717b30",
    "https://esm.sh/get-intrinsic@1.3.1/denonext/get-intrinsic.mjs": "af07ca16f714e1faaca241d5f136cae8e6d8300dc1cfcee3d2b670008fcfd579",
    "https://esm.sh/get-intrinsic@1.3.1?target=denonext": "e293e28f884cf6eb97da776907dd175a9b20a072d4b90898b590d7a156449f72",
    "https://esm.sh/get-proto@1.0.1/Object.getPrototypeOf?target=denonext": "07ea2fdda9026eb3b7e18eff95a1314a82db3b37efd0e4a1b7bd91c454bfd492",
    "https://esm.sh/get-proto@1.0.1/Reflect.getPrototypeOf?target=denonext": "08346568b8d1b2532dfff0affbb99b0400960313cb1b350969f9ca1f889ac700",
    "https://esm.sh/get-proto@1.0.1/denonext/Object.getPrototypeOf.mjs": "d62989d14e99b23a7604030f5b2c176b55067bd790d9056fd7b8a7f324c13c62",
    "https://esm.sh/get-proto@1.0.1/denonext/Reflect.getPrototypeOf.mjs": "4b884fb35dbdc6b2a67708f195cf46435514a7eb3930578453176aafe59d49fe",
    "https://esm.sh/get-proto@1.0.1/denonext/get-proto.mjs": "0e4ddb145c883b3f941aeba555feb48b9f177838d070449782265daf59b77377",
    "https://esm.sh/get-proto@1.0.1?target=denonext": "fa3e52250f16f485da729565f1f41dcbb23edeb64420db0146e374cc835c9b04",
    "https://esm.sh/math-intrinsics@1.1.0/abs?target=denonext": "b43b9b3996b29cda49a1ad6d71b876095144b3252c761b4338e8870e5073542e",
    "https://esm.sh/math-intrinsics@1.1.0/denonext/abs.mjs": "08304368394a36ee89a52def8a533da1f7c602891647a3e10543a8bbdb746c8b",
    "https://esm.sh/math-intrinsics@1.1.0/denonext/floor.mjs": "c5e41bb95fa47641ca012faa0a093eef6401d3ace4479a85e39cf726eb184785",
    "https://esm.sh/math-intrinsics@1.1.0/denonext/isNaN.mjs": "4c0aa9576873f1a60fc724bf6a7959ae3eb30e6b002aa3a94a00f6d071ae4fb2",
    "https://esm.sh/math-intrinsics@1.1.0/denonext/max.mjs": "d7b63113695c5fef18e6c505fb0db439cefefe5d6578283207bbed54287c53e9",
    "https://esm.sh/math-intrinsics@1.1.0/denonext/min.mjs": "445c0cbc6acecab1076657ce2b3ce8783b6bd7ec638b76b128dae98a92a9876a",
    "https://esm.sh/math-intrinsics@1.1.0/denonext/pow.mjs": "b15d61336938ae7d84cd9e223509cb576cc2b89a34ec678889c6cdc82bfdd45c",
    "https://esm.sh/math-intrinsics@1.1.0/denonext/round.mjs": "a96681000e62bc8c0ff3582a77981fc88fa3034ed5bb85b3e1a15047eeb954b6",
    "https://esm.sh/math-intrinsics@1.1.0/denonext/sign.mjs": "323a0314efc3a9892beebf5cdd3b6a1d71986821b58548b3a593f8103e4c49b0",
    "https://esm.sh/math-intrinsics@1.1.0/floor?target=denonext": "58bd34b24e7c69b79e09243ed99bf0aa35e0423524c5d6f3986d46f72b19cdab",
    "https://esm.sh/math-intrinsics@1.1.0/max?target=denonext": "67e6a93d9f2dd0eb70967013abd67be262b7651e05c4384c9899621ed29db5bb",
    "https://esm.sh/math-intrinsics@1.1.0/min?target=denonext": "869cb45f08e5642671cb4e0078b73fae5e767656e7ab86a208ca721d67b42fb1",
    "https://esm.sh/math-intrinsics@1.1.0/pow?target=denonext": "4f42df7a6c0593efdb1edb840affe3a464884ac3287fa18b03810021ee55a5fb",
    "https://esm.sh/math-intrinsics@1.1.0/round?target=denonext": "635d454d1f3fe901ab84dc7508ca8ba90825085b051278f083986ab8d763e675",
    "https://esm.sh/math-intrinsics@1.1.0/sign?target=denonext": "67eede9463cdb90393f9e449e8d6d59283db42ff1793fc381292a5612e535cfe",
    "https://esm.sh/object-inspect@1.13.4/denonext/object-inspect.mjs": "45c312125d1f5469db2840085ce40fa3fbaab81bebcb4b2f79153f9eeaa05230",
    "https://esm.sh/object-inspect@1.13.4?target=denonext": "426a13b7cd2fb610060e1d943f1ae802ef3873c2055b80dd75b39fddcb5b91f9",
    "https://esm.sh/qs@6.15.3/denonext/qs.mjs": "9536c4e03068103a1d933ced27cb887a9ef44f52543bd1ab2566f1e8477a2e16",
    "https://esm.sh/qs@6.15.3?target=denonext": "d4ae6692651fa1b2a6473cf1e0ef06c714a110069ed2fa5dd31312c2908423ca",
    "https://esm.sh/side-channel-list@1.0.1/denonext/side-channel-list.mjs": "c5645369dabde028779a14220cbf07fd306949004ce0b96ceca37b9c0a67477d",
    "https://esm.sh/side-channel-list@1.0.1?target=denonext": "048acf95bc6b0fbc223931d6c49be2d929d9a6d3ebde2ab9897fae38df154cc0",
    "https://esm.sh/side-channel-map@1.0.1/denonext/side-channel-map.mjs": "5c6c38348826aa2b41eb5654fff235ae06a06c6f0b02ad736b6f226704d7043a",
    "https://esm.sh/side-channel-map@1.0.1?target=denonext": "8b59be4ffd58b5654971b600ca894755e9277c9be88dbfcc5673b2e85d8d30ec",
    "https://esm.sh/side-channel-weakmap@1.0.2/denonext/side-channel-weakmap.mjs": "5bee9551eadb611a71937950a614bd9d46ca5139afbb20e28321c1704953b367",
    "https://esm.sh/side-channel-weakmap@1.0.2?target=denonext": "f6ca783896c64a8ca09f483a7809e053e4e31b1569b5c5251ed5813561330dfe",
    "https://esm.sh/side-channel@1.1.1/denonext/side-channel.mjs": "4128535b2cbb605d142594272a90adef511c250130167eba0e06b0168a03b556",
    "https://esm.sh/side-channel@1.1.1?target=denonext": "95435f8b4cfb2827b11a0a384b7a5a82cf42e7d54435276084aef40717129eac",
    "https://esm.sh/stripe@18.5.0": "da8bd0bec3e31938500a0f96624f2d8372a1566cd6595d2bfdbbab22d3164e04",
    "https://esm.sh/stripe@18.5.0/denonext/stripe.mjs": "522acfbff793e7ad68c7f1ea61ced3286a0029331a4443e952922ad0a1796157"
  }
}
