// !$*UTF8*$!
{
	archiveVersion = 1;
	classes = {
	};
	objectVersion = 54;
	objects = {

/* Begin PBXBuildFile section */
		0E71D57B938889625A90DA8A /* Metering.swift in Sources */ = {isa = PBXBuildFile; fileRef = 1367BF35A73FBB20384CA757 /* Metering.swift */; };
		0F8FC03F74824DDFA1681673 /* StudioEnginePlugin.swift in Sources */ = {isa = PBXBuildFile; fileRef = 170875622DC704B10DFAA60D /* StudioEnginePlugin.swift */; };
		1A2A2A2A2A2A2A2A2A2A2A2A /* MainViewController.swift in Sources */ = {isa = PBXBuildFile; fileRef = 1A1A1A1A1A1A1A1A1A1A1A1A /* MainViewController.swift */; };
		1D09D689DC86B0FDB970E0F3 /* Engine.swift in Sources */ = {isa = PBXBuildFile; fileRef = C20BECA3F13EF2967946AC20 /* Engine.swift */; };
		285A1D8A2AC39FF2C4CFCBAB /* Buses.swift in Sources */ = {isa = PBXBuildFile; fileRef = E35A0870023595C0377512D8 /* Buses.swift */; };
		2A2A2A2A2A2A2A2A2A2A2A2A /* AudioSessionConfigPlugin.swift in Sources */ = {isa = PBXBuildFile; fileRef = 2A1A1A1A1A1A1A1A1A1A1A1A /* AudioSessionConfigPlugin.swift */; };
		2FAD9763203C412B000D30F8 /* config.xml in Resources */ = {isa = PBXBuildFile; fileRef = 2FAD9762203C412B000D30F8 /* config.xml */; };
		3A2A2A2A2A2A2A2A2A2A2A2A /* NativeMusicKitPlugin.swift in Sources */ = {isa = PBXBuildFile; fileRef = 3A1A1A1A1A1A1A1A1A1A1A1A /* NativeMusicKitPlugin.swift */; };
		3FAFA54C6D73BFE7F1E141C5 /* StudioObjC.m in Sources */ = {isa = PBXBuildFile; fileRef = F32A6B44BE5444770C30D5EB /* StudioObjC.m */; };
		46FE7AE84FD551DD3D8C4609 /* RoutingGraph.swift in Sources */ = {isa = PBXBuildFile; fileRef = 1115083A228D70B1C4E1C12A /* RoutingGraph.swift */; };
		50379B232058CBB4000EE86E /* capacitor.config.json in Resources */ = {isa = PBXBuildFile; fileRef = 50379B222058CBB4000EE86E /* capacitor.config.json */; };
		504EC3081FED79650016851F /* AppDelegate.swift in Sources */ = {isa = PBXBuildFile; fileRef = 504EC3071FED79650016851F /* AppDelegate.swift */; };
		504EC30D1FED79650016851F /* Main.storyboard in Resources */ = {isa = PBXBuildFile; fileRef = 504EC30B1FED79650016851F /* Main.storyboard */; };
		504EC30F1FED79650016851F /* Assets.xcassets in Resources */ = {isa = PBXBuildFile; fileRef = 504EC30E1FED79650016851F /* Assets.xcassets */; };
		504EC3121FED79650016851F /* LaunchScreen.storyboard in Resources */ = {isa = PBXBuildFile; fileRef = 504EC3101FED79650016851F /* LaunchScreen.storyboard */; };
		50B271D11FEDC1A000F3C39B /* public in Resources */ = {isa = PBXBuildFile; fileRef = 50B271D01FEDC1A000F3C39B /* public */; };
		62C9EA54498F2728EA0B7FE2 /* Sends.swift in Sources */ = {isa = PBXBuildFile; fileRef = 88112B3A1BA6224CCFB596CB /* Sends.swift */; };
		6A1D00000000000000000001 /* GWMidiPlugin.swift in Sources */ = {isa = PBXBuildFile; fileRef = 6A1D00000000000000000002 /* GWMidiPlugin.swift */; };
		6A1D00000000000000000003 /* GWSpeechPlugin.swift in Sources */ = {isa = PBXBuildFile; fileRef = 6A1D00000000000000000004 /* GWSpeechPlugin.swift */; };
		768412EC465E014A6BC6AFDE /* Instruments.swift in Sources */ = {isa = PBXBuildFile; fileRef = 5FDD37EFA950FB969BF90C82 /* Instruments.swift */; };
		7696E25FC90C885166862AE1 /* StudioModel.swift in Sources */ = {isa = PBXBuildFile; fileRef = 1DAD2143C4798E9ADDA1A3AF /* StudioModel.swift */; };
		811FD86D3D010FEDDBB8E3D5 /* AutomationScheduler.swift in Sources */ = {isa = PBXBuildFile; fileRef = 704B44948CC7846CABD487D3 /* AutomationScheduler.swift */; };
		9FC224AE2381121D2FB58450 /* AssetLoader.swift in Sources */ = {isa = PBXBuildFile; fileRef = ED85A7982F21BD5123300ED4 /* AssetLoader.swift */; };
		A084ECDBA7D38E1E42DFC39D /* Pods_App.framework in Frameworks */ = {isa = PBXBuildFile; fileRef = AF277DCFFFF123FFC6DF26C7 /* Pods_App.framework */; };
		B3E7A1C2D4F508192A3B4C5D /* ExternalRecorder.swift in Sources */ = {isa = PBXBuildFile; fileRef = B3E7A1C2D4F508192A3B4C5E /* ExternalRecorder.swift */; };
		C692FCC856285FEA81577B2C /* Recorder.swift in Sources */ = {isa = PBXBuildFile; fileRef = ACAAED23BD56BF3B55CC650A /* Recorder.swift */; };
		D4910ED7763D327934102420 /* Tracks.swift in Sources */ = {isa = PBXBuildFile; fileRef = A71A15DBCA0F6701D171ED70 /* Tracks.swift */; };
		E1A2B3C4D5E6F7081923A4B5 /* AudioConverter.swift in Sources */ = {isa = PBXBuildFile; fileRef = E1A2B3C4D5E6F7081923A4B6 /* AudioConverter.swift */; };
		E1A2B3C4D5E6F7081923A4B7 /* PullRenderer.swift in Sources */ = {isa = PBXBuildFile; fileRef = E1A2B3C4D5E6F7081923A4B8 /* PullRenderer.swift */; };
		E1A2B3C4D5E6F7081923A4B9 /* AudioBufferCache.swift in Sources */ = {isa = PBXBuildFile; fileRef = E1A2B3C4D5E6F7081923A4BA /* AudioBufferCache.swift */; };
		E1A2B3C4D5E6F7081923A4BB /* ClipStreamer.swift in Sources */ = {isa = PBXBuildFile; fileRef = E1A2B3C4D5E6F7081923A4BC /* ClipStreamer.swift */; };
		E1A2B3C4D5E6F7081923A4BD /* StudioBufferPool.swift in Sources */ = {isa = PBXBuildFile; fileRef = E1A2B3C4D5E6F7081923A4BE /* StudioBufferPool.swift */; };
		E1A2B3C4D5E6F7081923A4BF /* RealtimeThread.swift in Sources */ = {isa = PBXBuildFile; fileRef = E1A2B3C4D5E6F7081923A4C0 /* RealtimeThread.swift */; };
		ED56BC98FAF679C5E8E8460B /* Mixdown.swift in Sources */ = {isa = PBXBuildFile; fileRef = D93A915581BC73F5E718C6B9 /* Mixdown.swift */; };
		F3827DBA2B1BCFB65967AA84 /* Fx.swift in Sources */ = {isa = PBXBuildFile; fileRef = 90B41B6DB59A4EC515A3D916 /* Fx.swift */; };
		FAF6A9CF387E9159480E5FB3 /* Automation.swift in Sources */ = {isa = PBXBuildFile; fileRef = 27146FB8EE06B9F0D866B053 /* Automation.swift */; };
/* End PBXBuildFile section */

/* Begin PBXFileReference section */
		1115083A228D70B1C4E1C12A /* RoutingGraph.swift */ = {isa = PBXFileReference; includeInIndex = 1; lastKnownFileType = sourcecode.swift; path = RoutingGraph.swift; sourceTree = "<group>"; };
		1367BF35A73FBB20384CA757 /* Metering.swift */ = {isa = PBXFileReference; includeInIndex = 1; lastKnownFileType = sourcecode.swift; path = Metering.swift; sourceTree = "<group>"; };
		170875622DC704B10DFAA60D /* StudioEnginePlugin.swift */ = {isa = PBXFileReference; includeInIndex = 1; lastKnownFileType = sourcecode.swift; path = StudioEnginePlugin.swift; sourceTree = "<group>"; };
		1A1A1A1A1A1A1A1A1A1A1A1A /* MainViewController.swift */ = {isa = PBXFileReference; lastKnownFileType = sourcecode.swift; path = MainViewController.swift; sourceTree = "<group>"; };
		1DAD2143C4798E9ADDA1A3AF /* StudioModel.swift */ = {isa = PBXFileReference; includeInIndex = 1; lastKnownFileType = sourcecode.swift; path = StudioModel.swift; sourceTree = "<group>"; };
		27146FB8EE06B9F0D866B053 /* Automation.swift */ = {isa = PBXFileReference; includeInIndex = 1; lastKnownFileType = sourcecode.swift; path = Automation.swift; sourceTree = "<group>"; };
		2A1A1A1A1A1A1A1A1A1A1A1A /* AudioSessionConfigPlugin.swift */ = {isa = PBXFileReference; lastKnownFileType = sourcecode.swift; path = AudioSessionConfigPlugin.swift; sourceTree = "<group>"; };
		2FAD9762203C412B000D30F8 /* config.xml */ = {isa = PBXFileReference; lastKnownFileType = text.xml; path = config.xml; sourceTree = "<group>"; };
		3A1A1A1A1A1A1A1A1A1A1A1A /* NativeMusicKitPlugin.swift */ = {isa = PBXFileReference; lastKnownFileType = sourcecode.swift; path = NativeMusicKitPlugin.swift; sourceTree = "<group>"; };
		4A1A1A1A1A1A1A1A1A1A1A1A /* RecordingLiveActivityPlugin.swift */ = {isa = PBXFileReference; lastKnownFileType = sourcecode.swift; path = RecordingLiveActivityPlugin.swift; sourceTree = "<group>"; };
		50379B222058CBB4000EE86E /* capacitor.config.json */ = {isa = PBXFileReference; fileEncoding = 4; lastKnownFileType = text.json; path = capacitor.config.json; sourceTree = "<group>"; };
		504EC3041FED79650016851F /* App.app */ = {isa = PBXFileReference; explicitFileType = wrapper.application; includeInIndex = 0; path = App.app; sourceTree = BUILT_PRODUCTS_DIR; };
		504EC3071FED79650016851F /* AppDelegate.swift */ = {isa = PBXFileReference; lastKnownFileType = sourcecode.swift; path = AppDelegate.swift; sourceTree = "<group>"; };
		504EC30C1FED79650016851F /* Base */ = {isa = PBXFileReference; lastKnownFileType = file.storyboard; name = Base; path = Base.lproj/Main.storyboard; sourceTree = "<group>"; };
		504EC30E1FED79650016851F /* Assets.xcassets */ = {isa = PBXFileReference; lastKnownFileType = folder.assetcatalog; path = Assets.xcassets; sourceTree = "<group>"; };
		504EC3111FED79650016851F /* Base */ = {isa = PBXFileReference; lastKnownFileType = file.storyboard; name = Base; path = Base.lproj/LaunchScreen.storyboard; sourceTree = "<group>"; };
		504EC3131FED79650016851F /* Info.plist */ = {isa = PBXFileReference; lastKnownFileType = text.plist.xml; path = Info.plist; sourceTree = "<group>"; };
		50B271D01FEDC1A000F3C39B /* public */ = {isa = PBXFileReference; lastKnownFileType = folder; path = public; sourceTree = "<group>"; };
		5FDD37EFA950FB969BF90C82 /* Instruments.swift */ = {isa = PBXFileReference; includeInIndex = 1; lastKnownFileType = sourcecode.swift; path = Instruments.swift; sourceTree = "<group>"; };
		693451AC85FAAD6C29DB7ED2 /* StudioObjC.h */ = {isa = PBXFileReference; includeInIndex = 1; lastKnownFileType = sourcecode.c.h; path = StudioObjC.h; sourceTree = "<group>"; };
		6A1D00000000000000000002 /* GWMidiPlugin.swift */ = {isa = PBXFileReference; includeInIndex = 1; lastKnownFileType = sourcecode.swift; path = GWMidiPlugin.swift; sourceTree = "<group>"; };
		6A1D00000000000000000004 /* GWSpeechPlugin.swift */ = {isa = PBXFileReference; includeInIndex = 1; lastKnownFileType = sourcecode.swift; path = GWSpeechPlugin.swift; sourceTree = "<group>"; };
		704B44948CC7846CABD487D3 /* AutomationScheduler.swift */ = {isa = PBXFileReference; includeInIndex = 1; lastKnownFileType = sourcecode.swift; path = AutomationScheduler.swift; sourceTree = "<group>"; };
		88112B3A1BA6224CCFB596CB /* Sends.swift */ = {isa = PBXFileReference; includeInIndex = 1; lastKnownFileType = sourcecode.swift; path = Sends.swift; sourceTree = "<group>"; };
		90B41B6DB59A4EC515A3D916 /* Fx.swift */ = {isa = PBXFileReference; includeInIndex = 1; lastKnownFileType = sourcecode.swift; path = Fx.swift; sourceTree = "<group>"; };
		A71A15DBCA0F6701D171ED70 /* Tracks.swift */ = {isa = PBXFileReference; includeInIndex = 1; lastKnownFileType = sourcecode.swift; path = Tracks.swift; sourceTree = "<group>"; };
		ACAAED23BD56BF3B55CC650A /* Recorder.swift */ = {isa = PBXFileReference; includeInIndex = 1; lastKnownFileType = sourcecode.swift; path = Recorder.swift; sourceTree = "<group>"; };
		AF277DCFFFF123FFC6DF26C7 /* Pods_App.framework */ = {isa = PBXFileReference; explicitFileType = wrapper.framework; includeInIndex = 0; path = Pods_App.framework; sourceTree = BUILT_PRODUCTS_DIR; };
		AF51FD2D460BCFE21FA515B2 /* Pods-App.release.xcconfig */ = {isa = PBXFileReference; includeInIndex = 1; lastKnownFileType = text.xcconfig; name = "Pods-App.release.xcconfig"; path = "Pods/Target Support Files/Pods-App/Pods-App.release.xcconfig"; sourceTree = "<group>"; };
		B3E7A1C2D4F508192A3B4C5E /* ExternalRecorder.swift */ = {isa = PBXFileReference; includeInIndex = 1; lastKnownFileType = sourcecode.swift; path = ExternalRecorder.swift; sourceTree = "<group>"; };
		C20BECA3F13EF2967946AC20 /* Engine.swift */ = {isa = PBXFileReference; includeInIndex = 1; lastKnownFileType = sourcecode.swift; path = Engine.swift; sourceTree = "<group>"; };
		D93A915581BC73F5E718C6B9 /* Mixdown.swift */ = {isa = PBXFileReference; includeInIndex = 1; lastKnownFileType = sourcecode.swift; path = Mixdown.swift; sourceTree = "<group>"; };
		E1A2B3C4D5E6F7081923A4B6 /* AudioConverter.swift */ = {isa = PBXFileReference; includeInIndex = 1; lastKnownFileType = sourcecode.swift; path = AudioConverter.swift; sourceTree = "<group>"; };
		E1A2B3C4D5E6F7081923A4B8 /* PullRenderer.swift */ = {isa = PBXFileReference; includeInIndex = 1; lastKnownFileType = sourcecode.swift; path = PullRenderer.swift; sourceTree = "<group>"; };
		E1A2B3C4D5E6F7081923A4BA /* AudioBufferCache.swift */ = {isa = PBXFileReference; includeInIndex = 1; lastKnownFileType = sourcecode.swift; path = AudioBufferCache.swift; sourceTree = "<group>"; };
		E1A2B3C4D5E6F7081923A4BC /* ClipStreamer.swift */ = {isa = PBXFileReference; includeInIndex = 1; lastKnownFileType = sourcecode.swift; path = ClipStreamer.swift; sourceTree = "<group>"; };
		E1A2B3C4D5E6F7081923A4BE /* StudioBufferPool.swift */ = {isa = PBXFileReference; includeInIndex = 1; lastKnownFileType = sourcecode.swift; path = StudioBufferPool.swift; sourceTree = "<group>"; };
		E1A2B3C4D5E6F7081923A4C0 /* RealtimeThread.swift */ = {isa = PBXFileReference; includeInIndex = 1; lastKnownFileType = sourcecode.swift; path = RealtimeThread.swift; sourceTree = "<group>"; };
		E35A0870023595C0377512D8 /* Buses.swift */ = {isa = PBXFileReference; includeInIndex = 1; lastKnownFileType = sourcecode.swift; path = Buses.swift; sourceTree = "<group>"; };
		EA39B22D260FD808F5B79930 /* App-Bridging-Header.h */ = {isa = PBXFileReference; includeInIndex = 1; lastKnownFileType = sourcecode.c.h; path = "App-Bridging-Header.h"; sourceTree = "<group>"; };
		ED85A7982F21BD5123300ED4 /* AssetLoader.swift */ = {isa = PBXFileReference; includeInIndex = 1; lastKnownFileType = sourcecode.swift; path = AssetLoader.swift; sourceTree = "<group>"; };
		F32A6B44BE5444770C30D5EB /* StudioObjC.m */ = {isa = PBXFileReference; includeInIndex = 1; lastKnownFileType = sourcecode.c.objc; path = StudioObjC.m; sourceTree = "<group>"; };
		FC68EB0AF532CFC21C3344DD /* Pods-App.debug.xcconfig */ = {isa = PBXFileReference; includeInIndex = 1; lastKnownFileType = text.xcconfig; name = "Pods-App.debug.xcconfig"; path = "Pods/Target Support Files/Pods-App/Pods-App.debug.xcconfig"; sourceTree = "<group>"; };
/* End PBXFileReference section */

/* Begin PBXFrameworksBuildPhase section */
		504EC3011FED79650016851F /* Frameworks */ = {
			isa = PBXFrameworksBuildPhase;
			buildActionMask = 2147483647;
			files = (
				A084ECDBA7D38E1E42DFC39D /* Pods_App.framework in Frameworks */,
			);
			runOnlyForDeploymentPostprocessing = 0;
		};
/* End PBXFrameworksBuildPhase section */

/* Begin PBXGroup section */
		27E2DDA53C4D2A4D1A88CE4A /* Frameworks */ = {
			isa = PBXGroup;
			children = (
				AF277DCFFFF123FFC6DF26C7 /* Pods_App.framework */,
			);
			name = Frameworks;
			sourceTree = "<group>";
		};
		504EC2FB1FED79650016851F = {
			isa = PBXGroup;
			children = (
				504EC3061FED79650016851F /* App */,
				504EC3051FED79650016851F /* Products */,
				7F8756D8B27F46E3366F6CEA /* Pods */,
				27E2DDA53C4D2A4D1A88CE4A /* Frameworks */,
			);
			sourceTree = "<group>";
		};
		504EC3051FED79650016851F /* Products */ = {
			isa = PBXGroup;
			children = (
				504EC3041FED79650016851F /* App.app */,
			);
			name = Products;
			sourceTree = "<group>";
		};
		504EC3061FED79650016851F /* App */ = {
			isa = PBXGroup;
			children = (
				50379B222058CBB4000EE86E /* capacitor.config.json */,
				504EC3071FED79650016851F /* AppDelegate.swift */,
				1A1A1A1A1A1A1A1A1A1A1A1A /* MainViewController.swift */,
				2A1A1A1A1A1A1A1A1A1A1A1A /* AudioSessionConfigPlugin.swift */,
				3A1A1A1A1A1A1A1A1A1A1A1A /* NativeMusicKitPlugin.swift */,
				4A1A1A1A1A1A1A1A1A1A1A1A /* RecordingLiveActivityPlugin.swift */,
				504EC30B1FED79650016851F /* Main.storyboard */,
				504EC30E1FED79650016851F /* Assets.xcassets */,
				504EC3101FED79650016851F /* LaunchScreen.storyboard */,
				504EC3131FED79650016851F /* Info.plist */,
				2FAD9762203C412B000D30F8 /* config.xml */,
				50B271D01FEDC1A000F3C39B /* public */,
				1DAD2143C4798E9ADDA1A3AF /* StudioModel.swift */,
				170875622DC704B10DFAA60D /* StudioEnginePlugin.swift */,
				6A1D00000000000000000002 /* GWMidiPlugin.swift */,
				6A1D00000000000000000004 /* GWSpeechPlugin.swift */,
				F0CB09196F6C93C644BF4557 /* Studio */,
				F32A6B44BE5444770C30D5EB /* StudioObjC.m */,
				693451AC85FAAD6C29DB7ED2 /* StudioObjC.h */,
				EA39B22D260FD808F5B79930 /* App-Bridging-Header.h */,
			);
			path = App;
			sourceTree = "<group>";
		};
		7F8756D8B27F46E3366F6CEA /* Pods */ = {
			isa = PBXGroup;
			children = (
				FC68EB0AF532CFC21C3344DD /* Pods-App.debug.xcconfig */,
				AF51FD2D460BCFE21FA515B2 /* Pods-App.release.xcconfig */,
			);
			name = Pods;
			sourceTree = "<group>";
		};
		F0CB09196F6C93C644BF4557 /* Studio */ = {
			isa = PBXGroup;
			children = (
				C20BECA3F13EF2967946AC20 /* Engine.swift */,
				A71A15DBCA0F6701D171ED70 /* Tracks.swift */,
				90B41B6DB59A4EC515A3D916 /* Fx.swift */,
				5FDD37EFA950FB969BF90C82 /* Instruments.swift */,
				ACAAED23BD56BF3B55CC650A /* Recorder.swift */,
				B3E7A1C2D4F508192A3B4C5E /* ExternalRecorder.swift */,
				D93A915581BC73F5E718C6B9 /* Mixdown.swift */,
				ED85A7982F21BD5123300ED4 /* AssetLoader.swift */,
				E1A2B3C4D5E6F7081923A4B6 /* AudioConverter.swift */,
				E1A2B3C4D5E6F7081923A4B8 /* PullRenderer.swift */,
				E1A2B3C4D5E6F7081923A4BA /* AudioBufferCache.swift */,
				E1A2B3C4D5E6F7081923A4BC /* ClipStreamer.swift */,
				E1A2B3C4D5E6F7081923A4BE /* StudioBufferPool.swift */,
				E1A2B3C4D5E6F7081923A4C0 /* RealtimeThread.swift */,
				1115083A228D70B1C4E1C12A /* RoutingGraph.swift */,
				E35A0870023595C0377512D8 /* Buses.swift */,
				27146FB8EE06B9F0D866B053 /* Automation.swift */,
				1367BF35A73FBB20384CA757 /* Metering.swift */,
				704B44948CC7846CABD487D3 /* AutomationScheduler.swift */,
				88112B3A1BA6224CCFB596CB /* Sends.swift */,
			);
			name = Studio;
			path = Studio;
			sourceTree = "<group>";
		};
/* End PBXGroup section */

/* Begin PBXNativeTarget section */
		504EC3031FED79650016851F /* App */ = {
			isa = PBXNativeTarget;
			buildConfigurationList = 504EC3161FED79650016851F /* Build configuration list for PBXNativeTarget "App" */;
			buildPhases = (
				6634F4EFEBD30273BCE97C65 /* [CP] Check Pods Manifest.lock */,
				504EC3001FED79650016851F /* Sources */,
				504EC3011FED79650016851F /* Frameworks */,
				504EC3021FED79650016851F /* Resources */,
				9592DBEFFC6D2A0C8D5DEB22 /* [CP] Embed Pods Frameworks */,
			);
			buildRules = (
			);
			dependencies = (
			);
			name = App;
			productName = App;
			productReference = 504EC3041FED79650016851F /* App.app */;
			productType = "com.apple.product-type.application";
		};
/* End PBXNativeTarget section */

/* Begin PBXProject section */
		504EC2FC1FED79650016851F /* Project object */ = {
			isa = PBXProject;
			attributes = {
				BuildIndependentTargetsInParallel = YES;
				LastSwiftUpdateCheck = 0920;
				LastUpgradeCheck = 2650;
				TargetAttributes = {
					504EC3031FED79650016851F = {
						CreatedOnToolsVersion = 9.2;
						LastSwiftMigration = 1100;
						ProvisioningStyle = Automatic;
					};
				};
			};
			buildConfigurationList = 504EC2FF1FED79650016851F /* Build configuration list for PBXProject "App" */;
			compatibilityVersion = "Xcode 8.0";
			developmentRegion = en;
			hasScannedForEncodings = 0;
			knownRegions = (
				en,
				Base,
			);
			mainGroup = 504EC2FB1FED79650016851F;
			productRefGroup = 504EC3051FED79650016851F /* Products */;
			projectDirPath = "";
			projectRoot = "";
			targets = (
				504EC3031FED79650016851F /* App */,
			);
		};
/* End PBXProject section */

/* Begin PBXResourcesBuildPhase section */
		504EC3021FED79650016851F /* Resources */ = {
			isa = PBXResourcesBuildPhase;
			buildActionMask = 2147483647;
			files = (
				504EC3121FED79650016851F /* LaunchScreen.storyboard in Resources */,
				50B271D11FEDC1A000F3C39B /* public in Resources */,
				504EC30F1FED79650016851F /* Assets.xcassets in Resources */,
				50379B232058CBB4000EE86E /* capacitor.config.json in Resources */,
				504EC30D1FED79650016851F /* Main.storyboard in Resources */,
				2FAD9763203C412B000D30F8 /* config.xml in Resources */,
			);
			runOnlyForDeploymentPostprocessing = 0;
		};
/* End PBXResourcesBuildPhase section */

/* Begin PBXShellScriptBuildPhase section */
		6634F4EFEBD30273BCE97C65 /* [CP] Check Pods Manifest.lock */ = {
			isa = PBXShellScriptBuildPhase;
			buildActionMask = 2147483647;
			files = (
			);
			inputPaths = (
				"${PODS_PODFILE_DIR_PATH}/Podfile.lock",
				"${PODS_ROOT}/Manifest.lock",
			);
			name = "[CP] Check Pods Manifest.lock";
			outputPaths = (
				"$(DERIVED_FILE_DIR)/Pods-App-checkManifestLockResult.txt",
			);
			runOnlyForDeploymentPostprocessing = 0;
			shellPath = /bin/sh;
			shellScript = "diff \"${PODS_PODFILE_DIR_PATH}/Podfile.lock\" \"${PODS_ROOT}/Manifest.lock\" > /dev/null\nif [ $? != 0 ] ; then\n    # print error to STDERR\n    echo \"error: The sandbox is not in sync with the Podfile.lock. Run 'pod install' or update your CocoaPods installation.\" >&2\n    exit 1\nfi\n# This output is used by Xcode 'outputs' to avoid re-running this script phase.\necho \"SUCCESS\" > \"${SCRIPT_OUTPUT_FILE_0}\"\n";
			showEnvVarsInLog = 0;
		};
		9592DBEFFC6D2A0C8D5DEB22 /* [CP] Embed Pods Frameworks */ = {
			isa = PBXShellScriptBuildPhase;
			buildActionMask = 2147483647;
			files = (
			);
			inputPaths = (
			);
			name = "[CP] Embed Pods Frameworks";
			outputPaths = (
			);
			runOnlyForDeploymentPostprocessing = 0;
			shellPath = /bin/sh;
			shellScript = "\"${PODS_ROOT}/Target Support Files/Pods-App/Pods-App-frameworks.sh\"\n";
			showEnvVarsInLog = 0;
		};
/* End PBXShellScriptBuildPhase section */

/* Begin PBXSourcesBuildPhase section */
		504EC3001FED79650016851F /* Sources */ = {
			isa = PBXSourcesBuildPhase;
			buildActionMask = 2147483647;
			files = (
				504EC3081FED79650016851F /* AppDelegate.swift in Sources */,
				1A2A2A2A2A2A2A2A2A2A2A2A /* MainViewController.swift in Sources */,
				2A2A2A2A2A2A2A2A2A2A2A2A /* AudioSessionConfigPlugin.swift in Sources */,
				3A2A2A2A2A2A2A2A2A2A2A2A /* NativeMusicKitPlugin.swift in Sources */,
				7696E25FC90C885166862AE1 /* StudioModel.swift in Sources */,
				0F8FC03F74824DDFA1681673 /* StudioEnginePlugin.swift in Sources */,
				6A1D00000000000000000001 /* GWMidiPlugin.swift in Sources */,
				6A1D00000000000000000003 /* GWSpeechPlugin.swift in Sources */,
				1D09D689DC86B0FDB970E0F3 /* Engine.swift in Sources */,
				D4910ED7763D327934102420 /* Tracks.swift in Sources */,
				F3827DBA2B1BCFB65967AA84 /* Fx.swift in Sources */,
				768412EC465E014A6BC6AFDE /* Instruments.swift in Sources */,
				C692FCC856285FEA81577B2C /* Recorder.swift in Sources */,
				B3E7A1C2D4F508192A3B4C5D /* ExternalRecorder.swift in Sources */,
				ED56BC98FAF679C5E8E8460B /* Mixdown.swift in Sources */,
				9FC224AE2381121D2FB58450 /* AssetLoader.swift in Sources */,
				E1A2B3C4D5E6F7081923A4B5 /* AudioConverter.swift in Sources */,
				E1A2B3C4D5E6F7081923A4B7 /* PullRenderer.swift in Sources */,
				E1A2B3C4D5E6F7081923A4B9 /* AudioBufferCache.swift in Sources */,
				E1A2B3C4D5E6F7081923A4BB /* ClipStreamer.swift in Sources */,
				E1A2B3C4D5E6F7081923A4BD /* StudioBufferPool.swift in Sources */,
				E1A2B3C4D5E6F7081923A4BF /* RealtimeThread.swift in Sources */,
				3FAFA54C6D73BFE7F1E141C5 /* StudioObjC.m in Sources */,
				46FE7AE84FD551DD3D8C4609 /* RoutingGraph.swift in Sources */,
				285A1D8A2AC39FF2C4CFCBAB /* Buses.swift in Sources */,
				FAF6A9CF387E9159480E5FB3 /* Automation.swift in Sources */,
				0E71D57B938889625A90DA8A /* Metering.swift in Sources */,
				811FD86D3D010FEDDBB8E3D5 /* AutomationScheduler.swift in Sources */,
				62C9EA54498F2728EA0B7FE2 /* Sends.swift in Sources */,
			);
			runOnlyForDeploymentPostprocessing = 0;
		};
/* End PBXSourcesBuildPhase section */

/* Begin PBXVariantGroup section */
		504EC30B1FED79650016851F /* Main.storyboard */ = {
			isa = PBXVariantGroup;
			children = (
				504EC30C1FED79650016851F /* Base */,
			);
			name = Main.storyboard;
			sourceTree = "<group>";
		};
		504EC3101FED79650016851F /* LaunchScreen.storyboard */ = {
			isa = PBXVariantGroup;
			children = (
				504EC3111FED79650016851F /* Base */,
			);
			name = LaunchScreen.storyboard;
			sourceTree = "<group>";
		};
/* End PBXVariantGroup section */

/* Begin XCBuildConfiguration section */
		504EC3141FED79650016851F /* Debug */ = {
			isa = XCBuildConfiguration;
			buildSettings = {
				ALWAYS_SEARCH_USER_PATHS = NO;
				CLANG_ANALYZER_NONNULL = YES;
				CLANG_ANALYZER_NUMBER_OBJECT_CONVERSION = YES_AGGRESSIVE;
				CLANG_CXX_LANGUAGE_STANDARD = "gnu++14";
				CLANG_CXX_LIBRARY = "libc++";
				CLANG_ENABLE_MODULES = YES;
				CLANG_ENABLE_OBJC_ARC = YES;
				CLANG_WARN_BLOCK_CAPTURE_AUTORELEASING = YES;
				CLANG_WARN_BOOL_CONVERSION = YES;
				CLANG_WARN_COMMA = YES;
				CLANG_WARN_CONSTANT_CONVERSION = YES;
				CLANG_WARN_DEPRECATED_OBJC_IMPLEMENTATIONS = YES;
				CLANG_WARN_DIRECT_OBJC_ISA_USAGE = YES_ERROR;
				CLANG_WARN_DOCUMENTATION_COMMENTS = YES;
				CLANG_WARN_EMPTY_BODY = YES;
				CLANG_WARN_ENUM_CONVERSION = YES;
				CLANG_WARN_INFINITE_RECURSION = YES;
				CLANG_WARN_INT_CONVERSION = YES;
				CLANG_WARN_NON_LITERAL_NULL_CONVERSION = YES;
				CLANG_WARN_OBJC_IMPLICIT_RETAIN_SELF = YES;
				CLANG_WARN_OBJC_LITERAL_CONVERSION = YES;
				CLANG_WARN_OBJC_ROOT_CLASS = YES_ERROR;
				CLANG_WARN_QUOTED_INCLUDE_IN_FRAMEWORK_HEADER = YES;
				CLANG_WARN_RANGE_LOOP_ANALYSIS = YES;
				CLANG_WARN_STRICT_PROTOTYPES = YES;
				CLANG_WARN_SUSPICIOUS_MOVE = YES;
				CLANG_WARN_UNGUARDED_AVAILABILITY = YES_AGGRESSIVE;
				CLANG_WARN_UNREACHABLE_CODE = YES;
				CLANG_WARN__DUPLICATE_METHOD_MATCH = YES;
				CODE_SIGN_IDENTITY = "iPhone Developer";
				COPY_PHASE_STRIP = NO;
				DEBUG_INFORMATION_FORMAT = dwarf;
				DEVELOPMENT_TEAM = AUJY92SA4D;
				ENABLE_STRICT_OBJC_MSGSEND = YES;
				ENABLE_TESTABILITY = YES;
				ENABLE_USER_SCRIPT_SANDBOXING = NO;
				GCC_C_LANGUAGE_STANDARD = gnu11;
				GCC_DYNAMIC_NO_PIC = NO;
				GCC_NO_COMMON_BLOCKS = YES;
				GCC_OPTIMIZATION_LEVEL = 0;
				GCC_PREPROCESSOR_DEFINITIONS = (
					"DEBUG=1",
					"$(inherited)",
				);
				GCC_WARN_64_TO_32_BIT_CONVERSION = YES;
				GCC_WARN_ABOUT_RETURN_TYPE = YES_ERROR;
				GCC_WARN_UNDECLARED_SELECTOR = YES;
				GCC_WARN_UNINITIALIZED_AUTOS = YES_AGGRESSIVE;
				GCC_WARN_UNUSED_FUNCTION = YES;
				GCC_WARN_UNUSED_VARIABLE = YES;
				IPHONEOS_DEPLOYMENT_TARGET = 15.0;
				MTL_ENABLE_DEBUG_INFO = YES;
				ONLY_ACTIVE_ARCH = YES;
				SDKROOT = iphoneos;
				STRING_CATALOG_GENERATE_SYMBOLS = YES;
				SWIFT_ACTIVE_COMPILATION_CONDITIONS = DEBUG;
				SWIFT_OPTIMIZATION_LEVEL = "-Onone";
			};
			name = Debug;
		};
		504EC3151FED79650016851F /* Release */ = {
			isa = XCBuildConfiguration;
			buildSettings = {
				ALWAYS_SEARCH_USER_PATHS = NO;
				CLANG_ANALYZER_NONNULL = YES;
				CLANG_ANALYZER_NUMBER_OBJECT_CONVERSION = YES_AGGRESSIVE;
				CLANG_CXX_LANGUAGE_STANDARD = "gnu++14";
				CLANG_CXX_LIBRARY = "libc++";
				CLANG_ENABLE_MODULES = YES;
				CLANG_ENABLE_OBJC_ARC = YES;
				CLANG_WARN_BLOCK_CAPTURE_AUTORELEASING = YES;
				CLANG_WARN_BOOL_CONVERSION = YES;
				CLANG_WARN_COMMA = YES;
				CLANG_WARN_CONSTANT_CONVERSION = YES;
				CLANG_WARN_DEPRECATED_OBJC_IMPLEMENTATIONS = YES;
				CLANG_WARN_DIRECT_OBJC_ISA_USAGE = YES_ERROR;
				CLANG_WARN_DOCUMENTATION_COMMENTS = YES;
				CLANG_WARN_EMPTY_BODY = YES;
				CLANG_WARN_ENUM_CONVERSION = YES;
				CLANG_WARN_INFINITE_RECURSION = YES;
				CLANG_WARN_INT_CONVERSION = YES;
				CLANG_WARN_NON_LITERAL_NULL_CONVERSION = YES;
				CLANG_WARN_OBJC_IMPLICIT_RETAIN_SELF = YES;
				CLANG_WARN_OBJC_LITERAL_CONVERSION = YES;
				CLANG_WARN_OBJC_ROOT_CLASS = YES_ERROR;
				CLANG_WARN_QUOTED_INCLUDE_IN_FRAMEWORK_HEADER = YES;
				CLANG_WARN_RANGE_LOOP_ANALYSIS = YES;
				CLANG_WARN_STRICT_PROTOTYPES = YES;
				CLANG_WARN_SUSPICIOUS_MOVE = YES;
				CLANG_WARN_UNGUARDED_AVAILABILITY = YES_AGGRESSIVE;
				CLANG_WARN_UNREACHABLE_CODE = YES;
				CLANG_WARN__DUPLICATE_METHOD_MATCH = YES;
				CODE_SIGN_IDENTITY = "iPhone Developer";
				COPY_PHASE_STRIP = NO;
				DEBUG_INFORMATION_FORMAT = "dwarf-with-dsym";
				DEVELOPMENT_TEAM = AUJY92SA4D;
				ENABLE_NS_ASSERTIONS = NO;
				ENABLE_STRICT_OBJC_MSGSEND = YES;
				ENABLE_USER_SCRIPT_SANDBOXING = NO;
				GCC_C_LANGUAGE_STANDARD = gnu11;
				GCC_NO_COMMON_BLOCKS = YES;
				GCC_WARN_64_TO_32_BIT_CONVERSION = YES;
				GCC_WARN_ABOUT_RETURN_TYPE = YES_ERROR;
				GCC_WARN_UNDECLARED_SELECTOR = YES;
				GCC_WARN_UNINITIALIZED_AUTOS = YES_AGGRESSIVE;
				GCC_WARN_UNUSED_FUNCTION = YES;
				GCC_WARN_UNUSED_VARIABLE = YES;
				IPHONEOS_DEPLOYMENT_TARGET = 15.0;
				MTL_ENABLE_DEBUG_INFO = NO;
				SDKROOT = iphoneos;
				STRING_CATALOG_GENERATE_SYMBOLS = YES;
				SWIFT_COMPILATION_MODE = wholemodule;
				SWIFT_OPTIMIZATION_LEVEL = "-O";
				VALIDATE_PRODUCT = YES;
			};
			name = Release;
		};
		504EC3171FED79650016851F /* Debug */ = {
			isa = XCBuildConfiguration;
			baseConfigurationReference = FC68EB0AF532CFC21C3344DD /* Pods-App.debug.xcconfig */;
			buildSettings = {
				ASSETCATALOG_COMPILER_APPICON_NAME = AppIcon;
				CODE_SIGN_ENTITLEMENTS = App/App.entitlements;
				CODE_SIGN_STYLE = Automatic;
				CURRENT_PROJECT_VERSION = 184;
				INFOPLIST_FILE = App/Info.plist;
				IPHONEOS_DEPLOYMENT_TARGET = 15.0;
				LD_RUNPATH_SEARCH_PATHS = (
					"$(inherited)",
					"@executable_path/Frameworks",
				);
				MARKETING_VERSION = 1.0.7;
				OTHER_SWIFT_FLAGS = "$(inherited) \"-D\" \"COCOAPODS\" \"-DDEBUG\"";
				PRODUCT_BUNDLE_IDENTIFIER = org.gleeworld.app;
				PRODUCT_NAME = "$(TARGET_NAME)";
				SWIFT_ACTIVE_COMPILATION_CONDITIONS = DEBUG;
				SWIFT_OBJC_BRIDGING_HEADER = "App/App-Bridging-Header.h";
				SWIFT_VERSION = 5.0;
				TARGETED_DEVICE_FAMILY = "1,2";
			};
			name = Debug;
		};
		504EC3181FED79650016851F /* Release */ = {
			isa = XCBuildConfiguration;
			baseConfigurationReference = AF51FD2D460BCFE21FA515B2 /* Pods-App.release.xcconfig */;
			buildSettings = {
				ASSETCATALOG_COMPILER_APPICON_NAME = AppIcon;
				CODE_SIGN_ENTITLEMENTS = App/App.entitlements;
				CODE_SIGN_STYLE = Automatic;
				CURRENT_PROJECT_VERSION = 184;
				INFOPLIST_FILE = App/Info.plist;
				IPHONEOS_DEPLOYMENT_TARGET = 15.0;
				LD_RUNPATH_SEARCH_PATHS = (
					"$(inherited)",
					"@executable_path/Frameworks",
				);
				MARKETING_VERSION = 1.0.7;
				PRODUCT_BUNDLE_IDENTIFIER = org.gleeworld.app;
				PRODUCT_NAME = "$(TARGET_NAME)";
				SWIFT_ACTIVE_COMPILATION_CONDITIONS = "";
				SWIFT_OBJC_BRIDGING_HEADER = "App/App-Bridging-Header.h";
				SWIFT_VERSION = 5.0;
				TARGETED_DEVICE_FAMILY = "1,2";
			};
			name = Release;
		};
/* End XCBuildConfiguration section */

/* Begin XCConfigurationList section */
		504EC2FF1FED79650016851F /* Build configuration list for PBXProject "App" */ = {
			isa = XCConfigurationList;
			buildConfigurations = (
				504EC3141FED79650016851F /* Debug */,
				504EC3151FED79650016851F /* Release */,
			);
			defaultConfigurationIsVisible = 0;
			defaultConfigurationName = Release;
		};
		504EC3161FED79650016851F /* Build configuration list for PBXNativeTarget "App" */ = {
			isa = XCConfigurationList;
			buildConfigurations = (
				504EC3171FED79650016851F /* Debug */,
				504EC3181FED79650016851F /* Release */,
			);
			defaultConfigurationIsVisible = 0;
			defaultConfigurationName = Release;
		};
/* End XCConfigurationList section */
	};
	rootObject = 504EC2FC1FED79650016851F /* Project object */;
}
